
Microsoft Visual Studio Solution File, Format Version 12.00
# Visual Studio Version 17
VisualStudioVersion = 17.3.32929.385
MinimumVisualStudioVersion = 10.0.40219.1
Project("{FAE04EC0-301F-11D3-BF4B-00C04F79EFBC}") = "SimIdentifier", "SimIdentifier.csproj", "{AE55FD0A-A4B3-4BEC-803C-6AD51F3A3009}"
EndProject
Global
	GlobalSection(SolutionConfigurationPlatforms) = preSolution
		Debug|Any CPU = Debug|Any CPU
		Release|Any CPU = Release|Any CPU
	EndGlobalSection
	GlobalSection(ProjectConfigurationPlatforms) = postSolution
		{AE55FD0A-A4B3-4BEC-803C-6AD51F3A3009}.Debug|Any CPU.ActiveCfg = Debug|Any CPU
		{AE55FD0A-A4B3-4BEC-803C-6AD51F3A3009}.Debug|Any CPU.Build.0 = Debug|Any CPU
		{AE55FD0A-A4B3-4BEC-803C-6AD51F3A3009}.Release|Any CPU.ActiveCfg = Release|Any CPU
		{AE55FD0A-A4B3-4BEC-803C-6AD51F3A3009}.Release|Any CPU.Build.0 = Release|Any CPU
	EndGlobalSection
	GlobalSection(SolutionProperties) = preSolution
		HideSolutionNode = FALSE
	EndGlobalSection
	GlobalSection(ExtensibilityGlobals) = postSolution
		SolutionGuid = {5E363761-FFF1-4701-A033-F6F9D06A58B7}
	EndGlobalSection
EndGlobal
